
Microsoft Visual Studio Solution File, Format Version 12.00
# Visual Studio Version 17
VisualStudioVersion = 17.11.35219.272
MinimumVisualStudioVersion = 10.0.40219.1
Project("{FAE04EC0-301F-11D3-BF4B-00C04F79EFBC}") = "ItaliasPizza", "ItaliasPizza\ItaliasPizza.csproj", "{4EB91D12-20D5-422D-BFF3-0801F94BBAE1}"
EndProject
Project("{FAE04EC0-301F-11D3-BF4B-00C04F79EFBC}") = "Database", "Database\Database.csproj", "{99F778D9-402B-4DA6-8BB1-45A6C3580999}"
EndProject
Project("{FAE04EC0-301F-11D3-BF4B-00C04F79EFBC}") = "ItaliasPizzaTests", "ItaliasPizzaTests\ItaliasPizzaTests.csproj", "{6E018841-F1A6-4825-907E-26B05329C9E2}"
EndProject
Global
	GlobalSection(SolutionConfigurationPlatforms) = preSolution
		Debug|Any CPU = Debug|Any CPU
		Release|Any CPU = Release|Any CPU
	EndGlobalSection
	GlobalSection(ProjectConfigurationPlatforms) = postSolution
		{4EB91D12-20D5-422D-BFF3-0801F94BBAE1}.Debug|Any CPU.ActiveCfg = Debug|Any CPU
		{4EB91D12-20D5-422D-BFF3-0801F94BBAE1}.Debug|Any CPU.Build.0 = Debug|Any CPU
		{4EB91D12-20D5-422D-BFF3-0801F94BBAE1}.Release|Any CPU.ActiveCfg = Release|Any CPU
		{4EB91D12-20D5-422D-BFF3-0801F94BBAE1}.Release|Any CPU.Build.0 = Release|Any CPU
		{99F778D9-402B-4DA6-8BB1-45A6C3580999}.Debug|Any CPU.ActiveCfg = Debug|Any CPU
		{99F778D9-402B-4DA6-8BB1-45A6C3580999}.Debug|Any CPU.Build.0 = Debug|Any CPU
		{99F778D9-402B-4DA6-8BB1-45A6C3580999}.Release|Any CPU.ActiveCfg = Release|Any CPU
		{99F778D9-402B-4DA6-8BB1-45A6C3580999}.Release|Any CPU.Build.0 = Release|Any CPU
		{6E018841-F1A6-4825-907E-26B05329C9E2}.Debug|Any CPU.ActiveCfg = Debug|Any CPU
		{6E018841-F1A6-4825-907E-26B05329C9E2}.Debug|Any CPU.Build.0 = Debug|Any CPU
		{6E018841-F1A6-4825-907E-26B05329C9E2}.Release|Any CPU.ActiveCfg = Release|Any CPU
		{6E018841-F1A6-4825-907E-26B05329C9E2}.Release|Any CPU.Build.0 = Release|Any CPU
	EndGlobalSection
	GlobalSection(SolutionProperties) = preSolution
		HideSolutionNode = FALSE
	EndGlobalSection
	GlobalSection(ExtensibilityGlobals) = postSolution
		SolutionGuid = {494168FD-279C-44E5-8B4A-ABFB2DAFE197}
	EndGlobalSection
EndGlobal
